// !$*UTF8*$!
{
	archiveVersion = 1;
	classes = {
	};
	objectVersion = 46;
	objects = {

/* Begin PBXBuildFile section */
		A3DC1B211A11E77000232403 /* TimedTutorialScene.m in Sources */ = {isa = PBXBuildFile; fileRef = A3DC1B201A11E77000232403 /* TimedTutorialScene.m */; };
		A3EBB44D1A1AF371001DB3F8 /* TargetTutorialScene.m in Sources */ = {isa = PBXBuildFile; fileRef = A3EBB44C1A1AF371001DB3F8 /* TargetTutorialScene.m */; };
		CB96D3C91A2EDF1A003598A5 /* dragon.atlas in Resources */ = {isa = PBXBuildFile; fileRef = CB96D3C81A2EDF1A003598A5 /* dragon.atlas */; };
		CB9A2CB81A09336E004EF777 /* main.m in Sources */ = {isa = PBXBuildFile; fileRef = CB9A2CB71A09336E004EF777 /* main.m */; };
		CB9A2CBB1A09336F004EF777 /* AppDelegate.m in Sources */ = {isa = PBXBuildFile; fileRef = CB9A2CBA1A09336F004EF777 /* AppDelegate.m */; };
		CB9A2CC01A093370004EF777 /* GameScene.sks in Resources */ = {isa = PBXBuildFile; fileRef = CB9A2CBF1A093370004EF777 /* GameScene.sks */; };
		CB9A2CC31A093370004EF777 /* GameViewController.m in Sources */ = {isa = PBXBuildFile; fileRef = CB9A2CC21A093370004EF777 /* GameViewController.m */; };
		CB9A2CC61A093370004EF777 /* Main.storyboard in Resources */ = {isa = PBXBuildFile; fileRef = CB9A2CC41A093370004EF777 /* Main.storyboard */; };
		CB9A2CC81A093370004EF777 /* Images.xcassets in Resources */ = {isa = PBXBuildFile; fileRef = CB9A2CC71A093370004EF777 /* Images.xcassets */; };
		CB9A2CD71A093371004EF777 /* Nom_Nom_NumbersTests.m in Sources */ = {isa = PBXBuildFile; fileRef = CB9A2CD61A093371004EF777 /* Nom_Nom_NumbersTests.m */; };
		CB9A2CE11A093997004EF777 /* SheepModelTest.m in Sources */ = {isa = PBXBuildFile; fileRef = CB9A2CE01A093997004EF777 /* SheepModelTest.m */; };
		CB9A2CE31A0939A1004EF777 /* GeneratorTest.m in Sources */ = {isa = PBXBuildFile; fileRef = CB9A2CE21A0939A1004EF777 /* GeneratorTest.m */; };
		CB9A2CE51A0939A8004EF777 /* DataModelTest.m in Sources */ = {isa = PBXBuildFile; fileRef = CB9A2CE41A0939A8004EF777 /* DataModelTest.m */; };
		CB9A2CFB1A0939E8004EF777 /* DataModel.m in Sources */ = {isa = PBXBuildFile; fileRef = CB9A2CE71A0939E8004EF777 /* DataModel.m */; };
		CB9A2CFC1A0939E8004EF777 /* DataView.m in Sources */ = {isa = PBXBuildFile; fileRef = CB9A2CE91A0939E8004EF777 /* DataView.m */; };
		CB9A2CFD1A0939E8004EF777 /* GameOverButton.m in Sources */ = {isa = PBXBuildFile; fileRef = CB9A2CEB1A0939E8004EF777 /* GameOverButton.m */; };
		CB9A2CFE1A0939E8004EF777 /* Generator.m in Sources */ = {isa = PBXBuildFile; fileRef = CB9A2CED1A0939E8004EF777 /* Generator.m */; };
		CB9A2D001A0939E8004EF777 /* MainScene.m in Sources */ = {isa = PBXBuildFile; fileRef = CB9A2CF01A0939E8004EF777 /* MainScene.m */; };
		CB9A2D011A0939E8004EF777 /* QuitGameButton.m in Sources */ = {isa = PBXBuildFile; fileRef = CB9A2CF21A0939E8004EF777 /* QuitGameButton.m */; };
		CB9A2D021A0939E8004EF777 /* SheepController.m in Sources */ = {isa = PBXBuildFile; fileRef = CB9A2CF41A0939E8004EF777 /* SheepController.m */; };
		CB9A2D031A0939E8004EF777 /* SheepModel.m in Sources */ = {isa = PBXBuildFile; fileRef = CB9A2CF61A0939E8004EF777 /* SheepModel.m */; };
		CB9A2D041A0939E8004EF777 /* SheepSprite.m in Sources */ = {isa = PBXBuildFile; fileRef = CB9A2CF81A0939E8004EF777 /* SheepSprite.m */; };
		CB9A2D051A0939E8004EF777 /* StartScene.m in Sources */ = {isa = PBXBuildFile; fileRef = CB9A2CFA1A0939E8004EF777 /* StartScene.m */; };
		CBDAC94B1A1335C100A46D7E /* FireParticle.sks in Resources */ = {isa = PBXBuildFile; fileRef = CBDAC94A1A1335C100A46D7E /* FireParticle.sks */; };
		CBEBD7781A0B1F2C0075D081 /* FireballSprite.m in Sources */ = {isa = PBXBuildFile; fileRef = CBEBD7771A0B1F2C0075D081 /* FireballSprite.m */; };
		CBFB884A1A0EDDC900FE2331 /* FireballParticle.sks in Resources */ = {isa = PBXBuildFile; fileRef = CBFB88481A0EDDC900FE2331 /* FireballParticle.sks */; };
		CBFB884B1A0EDDCA00FE2331 /* spark.png in Resources */ = {isa = PBXBuildFile; fileRef = CBFB88491A0EDDC900FE2331 /* spark.png */; };
		F62565CB1A25396E00DF8EC6 /* timedHighScores.txt in Resources */ = {isa = PBXBuildFile; fileRef = F62565CA1A25396E00DF8EC6 /* timedHighScores.txt */; };
		F646D0E31A22F0F40008C2A2 /* HighScoreModel.m in Sources */ = {isa = PBXBuildFile; fileRef = F646D0E21A22F0F40008C2A2 /* HighScoreModel.m */; };
		F646D0E61A22F1790008C2A2 /* HighScoreScene.m in Sources */ = {isa = PBXBuildFile; fileRef = F646D0E51A22F1790008C2A2 /* HighScoreScene.m */; };
		F646D0E81A24532A0008C2A2 /* libsqlite3.dylib in Frameworks */ = {isa = PBXBuildFile; fileRef = F646D0E71A24532A0008C2A2 /* libsqlite3.dylib */; };
		FB86E0E71A1B03E300ABE87A /* Click.wav in Resources */ = {isa = PBXBuildFile; fileRef = FB86E0E01A1B03E300ABE87A /* Click.wav */; };
		FB86E0E81A1B03E300ABE87A /* ScoreDown.wav in Resources */ = {isa = PBXBuildFile; fileRef = FB86E0E11A1B03E300ABE87A /* ScoreDown.wav */; };
		FB86E0E91A1B03E300ABE87A /* ScoreUp.wav in Resources */ = {isa = PBXBuildFile; fileRef = FB86E0E21A1B03E300ABE87A /* ScoreUp.wav */; };
		FB86E0EA1A1B03E300ABE87A /* Sheep.wav in Resources */ = {isa = PBXBuildFile; fileRef = FB86E0E31A1B03E300ABE87A /* Sheep.wav */; };
		FB86E0EB1A1B03E300ABE87A /* Sheep2.wav in Resources */ = {isa = PBXBuildFile; fileRef = FB86E0E41A1B03E300ABE87A /* Sheep2.wav */; };
		FB86E0EC1A1B03E300ABE87A /* StrongFire.wav in Resources */ = {isa = PBXBuildFile; fileRef = FB86E0E51A1B03E300ABE87A /* StrongFire.wav */; };
		FB86E0ED1A1B03E300ABE87A /* WeakFire.wav in Resources */ = {isa = PBXBuildFile; fileRef = FB86E0E61A1B03E300ABE87A /* WeakFire.wav */; };
/* End PBXBuildFile section */

/* Begin PBXContainerItemProxy section */
		CB9A2CD11A093371004EF777 /* PBXContainerItemProxy */ = {
			isa = PBXContainerItemProxy;
			containerPortal = CB9A2CAA1A09336D004EF777 /* Project object */;
			proxyType = 1;
			remoteGlobalIDString = CB9A2CB11A09336D004EF777;
			remoteInfo = "Nom Nom Numbers";
		};
/* End PBXContainerItemProxy section */

/* Begin PBXFileReference section */
		A3DC1B1F1A11E77000232403 /* TimedTutorialScene.h */ = {isa = PBXFileReference; fileEncoding = 4; lastKnownFileType = sourcecode.c.h; path = TimedTutorialScene.h; sourceTree = "<group>"; };
		A3DC1B201A11E77000232403 /* TimedTutorialScene.m */ = {isa = PBXFileReference; fileEncoding = 4; lastKnownFileType = sourcecode.c.objc; path = TimedTutorialScene.m; sourceTree = "<group>"; };
		A3EBB44B1A1AF371001DB3F8 /* TargetTutorialScene.h */ = {isa = PBXFileReference; fileEncoding = 4; lastKnownFileType = sourcecode.c.h; path = TargetTutorialScene.h; sourceTree = "<group>"; };
		A3EBB44C1A1AF371001DB3F8 /* TargetTutorialScene.m */ = {isa = PBXFileReference; fileEncoding = 4; lastKnownFileType = sourcecode.c.objc; path = TargetTutorialScene.m; sourceTree = "<group>"; };
		CB96D3C81A2EDF1A003598A5 /* dragon.atlas */ = {isa = PBXFileReference; lastKnownFileType = folder.skatlas; path = dragon.atlas; sourceTree = "<group>"; };
		CB9A2CB21A09336D004EF777 /* Nom Nom Numbers.app */ = {isa = PBXFileReference; explicitFileType = wrapper.application; includeInIndex = 0; path = "Nom Nom Numbers.app"; sourceTree = BUILT_PRODUCTS_DIR; };
		CB9A2CB61A09336E004EF777 /* Info.plist */ = {isa = PBXFileReference; lastKnownFileType = text.plist.xml; path = Info.plist; sourceTree = "<group>"; };
		CB9A2CB71A09336E004EF777 /* main.m */ = {isa = PBXFileReference; lastKnownFileType = sourcecode.c.objc; path = main.m; sourceTree = "<group>"; };
		CB9A2CB91A09336F004EF777 /* AppDelegate.h */ = {isa = PBXFileReference; lastKnownFileType = sourcecode.c.h; path = AppDelegate.h; sourceTree = "<group>"; };
		CB9A2CBA1A09336F004EF777 /* AppDelegate.m */ = {isa = PBXFileReference; lastKnownFileType = sourcecode.c.objc; path = AppDelegate.m; sourceTree = "<group>"; };
		CB9A2CBF1A093370004EF777 /* GameScene.sks */ = {isa = PBXFileReference; lastKnownFileType = file.sks; path = GameScene.sks; sourceTree = "<group>"; };
		CB9A2CC11A093370004EF777 /* GameViewController.h */ = {isa = PBXFileReference; lastKnownFileType = sourcecode.c.h; path = GameViewController.h; sourceTree = "<group>"; };
		CB9A2CC21A093370004EF777 /* GameViewController.m */ = {isa = PBXFileReference; lastKnownFileType = sourcecode.c.objc; path = GameViewController.m; sourceTree = "<group>"; };
		CB9A2CC51A093370004EF777 /* Base */ = {isa = PBXFileReference; lastKnownFileType = file.storyboard; name = Base; path = Base.lproj/Main.storyboard; sourceTree = "<group>"; };
		CB9A2CC71A093370004EF777 /* Images.xcassets */ = {isa = PBXFileReference; lastKnownFileType = folder.assetcatalog; path = Images.xcassets; sourceTree = "<group>"; };
		CB9A2CD01A093371004EF777 /* Nom Nom NumbersTests.xctest */ = {isa = PBXFileReference; explicitFileType = wrapper.cfbundle; includeInIndex = 0; path = "Nom Nom NumbersTests.xctest"; sourceTree = BUILT_PRODUCTS_DIR; };
		CB9A2CD51A093371004EF777 /* Info.plist */ = {isa = PBXFileReference; lastKnownFileType = text.plist.xml; path = Info.plist; sourceTree = "<group>"; };
		CB9A2CD61A093371004EF777 /* Nom_Nom_NumbersTests.m */ = {isa = PBXFileReference; lastKnownFileType = sourcecode.c.objc; path = Nom_Nom_NumbersTests.m; sourceTree = "<group>"; };
		CB9A2CE01A093997004EF777 /* SheepModelTest.m */ = {isa = PBXFileReference; fileEncoding = 4; lastKnownFileType = sourcecode.c.objc; path = SheepModelTest.m; sourceTree = "<group>"; };
		CB9A2CE21A0939A1004EF777 /* GeneratorTest.m */ = {isa = PBXFileReference; fileEncoding = 4; lastKnownFileType = sourcecode.c.objc; path = GeneratorTest.m; sourceTree = "<group>"; };
		CB9A2CE41A0939A8004EF777 /* DataModelTest.m */ = {isa = PBXFileReference; fileEncoding = 4; lastKnownFileType = sourcecode.c.objc; path = DataModelTest.m; sourceTree = "<group>"; };
		CB9A2CE61A0939E8004EF777 /* DataModel.h */ = {isa = PBXFileReference; fileEncoding = 4; lastKnownFileType = sourcecode.c.h; path = DataModel.h; sourceTree = "<group>"; };
		CB9A2CE71A0939E8004EF777 /* DataModel.m */ = {isa = PBXFileReference; fileEncoding = 4; lastKnownFileType = sourcecode.c.objc; path = DataModel.m; sourceTree = "<group>"; };
		CB9A2CE81A0939E8004EF777 /* DataView.h */ = {isa = PBXFileReference; fileEncoding = 4; lastKnownFileType = sourcecode.c.h; path = DataView.h; sourceTree = "<group>"; };
		CB9A2CE91A0939E8004EF777 /* DataView.m */ = {isa = PBXFileReference; fileEncoding = 4; lastKnownFileType = sourcecode.c.objc; path = DataView.m; sourceTree = "<group>"; };
		CB9A2CEA1A0939E8004EF777 /* GameOverButton.h */ = {isa = PBXFileReference; fileEncoding = 4; lastKnownFileType = sourcecode.c.h; path = GameOverButton.h; sourceTree = "<group>"; };
		CB9A2CEB1A0939E8004EF777 /* GameOverButton.m */ = {isa = PBXFileReference; fileEncoding = 4; lastKnownFileType = sourcecode.c.objc; path = GameOverButton.m; sourceTree = "<group>"; };
		CB9A2CEC1A0939E8004EF777 /* Generator.h */ = {isa = PBXFileReference; fileEncoding = 4; lastKnownFileType = sourcecode.c.h; path = Generator.h; sourceTree = "<group>"; };
		CB9A2CED1A0939E8004EF777 /* Generator.m */ = {isa = PBXFileReference; fileEncoding = 4; lastKnownFileType = sourcecode.c.objc; path = Generator.m; sourceTree = "<group>"; };
		CB9A2CEF1A0939E8004EF777 /* MainScene.h */ = {isa = PBXFileReference; fileEncoding = 4; lastKnownFileType = sourcecode.c.h; path = MainScene.h; sourceTree = "<group>"; };
		CB9A2CF01A0939E8004EF777 /* MainScene.m */ = {isa = PBXFileReference; fileEncoding = 4; lastKnownFileType = sourcecode.c.objc; path = MainScene.m; sourceTree = "<group>"; };
		CB9A2CF11A0939E8004EF777 /* QuitGameButton.h */ = {isa = PBXFileReference; fileEncoding = 4; lastKnownFileType = sourcecode.c.h; path = QuitGameButton.h; sourceTree = "<group>"; };
		CB9A2CF21A0939E8004EF777 /* QuitGameButton.m */ = {isa = PBXFileReference; fileEncoding = 4; lastKnownFileType = sourcecode.c.objc; path = QuitGameButton.m; sourceTree = "<group>"; };
		CB9A2CF31A0939E8004EF777 /* SheepController.h */ = {isa = PBXFileReference; fileEncoding = 4; lastKnownFileType = sourcecode.c.h; path = SheepController.h; sourceTree = "<group>"; };
		CB9A2CF41A0939E8004EF777 /* SheepController.m */ = {isa = PBXFileReference; fileEncoding = 4; lastKnownFileType = sourcecode.c.objc; path = SheepController.m; sourceTree = "<group>"; };
		CB9A2CF51A0939E8004EF777 /* SheepModel.h */ = {isa = PBXFileReference; fileEncoding = 4; lastKnownFileType = sourcecode.c.h; path = SheepModel.h; sourceTree = "<group>"; };
		CB9A2CF61A0939E8004EF777 /* SheepModel.m */ = {isa = PBXFileReference; fileEncoding = 4; lastKnownFileType = sourcecode.c.objc; path = SheepModel.m; sourceTree = "<group>"; };
		CB9A2CF71A0939E8004EF777 /* SheepSprite.h */ = {isa = PBXFileReference; fileEncoding = 4; lastKnownFileType = sourcecode.c.h; path = SheepSprite.h; sourceTree = "<group>"; };
		CB9A2CF81A0939E8004EF777 /* SheepSprite.m */ = {isa = PBXFileReference; fileEncoding = 4; lastKnownFileType = sourcecode.c.objc; path = SheepSprite.m; sourceTree = "<group>"; };
		CB9A2CF91A0939E8004EF777 /* StartScene.h */ = {isa = PBXFileReference; fileEncoding = 4; lastKnownFileType = sourcecode.c.h; path = StartScene.h; sourceTree = "<group>"; };
		CB9A2CFA1A0939E8004EF777 /* StartScene.m */ = {isa = PBXFileReference; fileEncoding = 4; lastKnownFileType = sourcecode.c.objc; path = StartScene.m; sourceTree = "<group>"; };
		CBDAC94A1A1335C100A46D7E /* FireParticle.sks */ = {isa = PBXFileReference; lastKnownFileType = file.sks; path = FireParticle.sks; sourceTree = "<group>"; };
		CBEBD7761A0B1F2C0075D081 /* FireballSprite.h */ = {isa = PBXFileReference; fileEncoding = 4; lastKnownFileType = sourcecode.c.h; name = FireballSprite.h; path = ../FireballSprite.h; sourceTree = "<group>"; };
		CBEBD7771A0B1F2C0075D081 /* FireballSprite.m */ = {isa = PBXFileReference; fileEncoding = 4; lastKnownFileType = sourcecode.c.objc; name = FireballSprite.m; path = ../FireballSprite.m; sourceTree = "<group>"; };
		CBFB88481A0EDDC900FE2331 /* FireballParticle.sks */ = {isa = PBXFileReference; lastKnownFileType = file.sks; path = FireballParticle.sks; sourceTree = "<group>"; };
		CBFB88491A0EDDC900FE2331 /* spark.png */ = {isa = PBXFileReference; lastKnownFileType = image.png; path = spark.png; sourceTree = "<group>"; };
		F62565CA1A25396E00DF8EC6 /* timedHighScores.txt */ = {isa = PBXFileReference; fileEncoding = 4; lastKnownFileType = text; name = timedHighScores.txt; path = ../timedHighScores.txt; sourceTree = "<group>"; };
		F646D0E11A22F0F40008C2A2 /* HighScoreModel.h */ = {isa = PBXFileReference; fileEncoding = 4; lastKnownFileType = sourcecode.c.h; path = HighScoreModel.h; sourceTree = "<group>"; };
		F646D0E21A22F0F40008C2A2 /* HighScoreModel.m */ = {isa = PBXFileReference; fileEncoding = 4; lastKnownFileType = sourcecode.c.objc; path = HighScoreModel.m; sourceTree = "<group>"; };
		F646D0E41A22F1790008C2A2 /* HighScoreScene.h */ = {isa = PBXFileReference; fileEncoding = 4; lastKnownFileType = sourcecode.c.h; path = HighScoreScene.h; sourceTree = "<group>"; };
		F646D0E51A22F1790008C2A2 /* HighScoreScene.m */ = {isa = PBXFileReference; fileEncoding = 4; lastKnownFileType = sourcecode.c.objc; path = HighScoreScene.m; sourceTree = "<group>"; };
		F646D0E71A24532A0008C2A2 /* libsqlite3.dylib */ = {isa = PBXFileReference; lastKnownFileType = "compiled.mach-o.dylib"; name = libsqlite3.dylib; path = usr/lib/libsqlite3.dylib; sourceTree = SDKROOT; };
		FB86E0E01A1B03E300ABE87A /* Click.wav */ = {isa = PBXFileReference; lastKnownFileType = audio.wav; path = Click.wav; sourceTree = "<group>"; };
		FB86E0E11A1B03E300ABE87A /* ScoreDown.wav */ = {isa = PBXFileReference; lastKnownFileType = audio.wav; path = ScoreDown.wav; sourceTree = "<group>"; };
		FB86E0E21A1B03E300ABE87A /* ScoreUp.wav */ = {isa = PBXFileReference; lastKnownFileType = audio.wav; path = ScoreUp.wav; sourceTree = "<group>"; };
		FB86E0E31A1B03E300ABE87A /* Sheep.wav */ = {isa = PBXFileReference; lastKnownFileType = audio.wav; path = Sheep.wav; sourceTree = "<group>"; };
		FB86E0E41A1B03E300ABE87A /* Sheep2.wav */ = {isa = PBXFileReference; lastKnownFileType = audio.wav; path = Sheep2.wav; sourceTree = "<group>"; };
		FB86E0E51A1B03E300ABE87A /* StrongFire.wav */ = {isa = PBXFileReference; lastKnownFileType = audio.wav; path = StrongFire.wav; sourceTree = "<group>"; };
		FB86E0E61A1B03E300ABE87A /* WeakFire.wav */ = {isa = PBXFileReference; lastKnownFileType = audio.wav; path = WeakFire.wav; sourceTree = "<group>"; };
/* End PBXFileReference section */

/* Begin PBXFrameworksBuildPhase section */
		CB9A2CAF1A09336D004EF777 /* Frameworks */ = {
			isa = PBXFrameworksBuildPhase;
			buildActionMask = 2147483647;
			files = (
				F646D0E81A24532A0008C2A2 /* libsqlite3.dylib in Frameworks */,
			);
			runOnlyForDeploymentPostprocessing = 0;
		};
		CB9A2CCD1A093371004EF777 /* Frameworks */ = {
			isa = PBXFrameworksBuildPhase;
			buildActionMask = 2147483647;
			files = (
			);
			runOnlyForDeploymentPostprocessing = 0;
		};
/* End PBXFrameworksBuildPhase section */

/* Begin PBXGroup section */
		CB68059D1A1D8A5B0023EA58 /* Scenes */ = {
			isa = PBXGroup;
			children = (
				CB9A2CF91A0939E8004EF777 /* StartScene.h */,
				CB9A2CFA1A0939E8004EF777 /* StartScene.m */,
				CB9A2CEF1A0939E8004EF777 /* MainScene.h */,
				CB9A2CF01A0939E8004EF777 /* MainScene.m */,
				A3DC1B1F1A11E77000232403 /* TimedTutorialScene.h */,
				A3DC1B201A11E77000232403 /* TimedTutorialScene.m */,
				A3EBB44B1A1AF371001DB3F8 /* TargetTutorialScene.h */,
				A3EBB44C1A1AF371001DB3F8 /* TargetTutorialScene.m */,
				F646D0E41A22F1790008C2A2 /* HighScoreScene.h */,
				F646D0E51A22F1790008C2A2 /* HighScoreScene.m */,
			);
			name = Scenes;
			sourceTree = "<group>";
		};
		CB68059E1A1D8B130023EA58 /* Sheep */ = {
			isa = PBXGroup;
			children = (
				CB9A2CF31A0939E8004EF777 /* SheepController.h */,
				CB9A2CF41A0939E8004EF777 /* SheepController.m */,
				CB9A2CF51A0939E8004EF777 /* SheepModel.h */,
				CB9A2CF61A0939E8004EF777 /* SheepModel.m */,
				CB9A2CF71A0939E8004EF777 /* SheepSprite.h */,
				CB9A2CF81A0939E8004EF777 /* SheepSprite.m */,
			);
			name = Sheep;
			sourceTree = "<group>";
		};
		CB68059F1A1D8B730023EA58 /* Data and Models */ = {
			isa = PBXGroup;
			children = (
				CB9A2CEC1A0939E8004EF777 /* Generator.h */,
				CB9A2CED1A0939E8004EF777 /* Generator.m */,
				CB9A2CE61A0939E8004EF777 /* DataModel.h */,
				CB9A2CE71A0939E8004EF777 /* DataModel.m */,
				CB9A2CE81A0939E8004EF777 /* DataView.h */,
				CB9A2CE91A0939E8004EF777 /* DataView.m */,
				F646D0E11A22F0F40008C2A2 /* HighScoreModel.h */,
				F646D0E21A22F0F40008C2A2 /* HighScoreModel.m */,
			);
			name = "Data and Models";
			sourceTree = "<group>";
		};
		CB9A2CA91A09336D004EF777 = {
			isa = PBXGroup;
			children = (
				F646D0E71A24532A0008C2A2 /* libsqlite3.dylib */,
				CB96D3C81A2EDF1A003598A5 /* dragon.atlas */,
				CB9A2CB41A09336D004EF777 /* Nom Nom Numbers */,
				CB9A2CD31A093371004EF777 /* Nom Nom NumbersTests */,
				CB9A2CB31A09336D004EF777 /* Products */,
			);
			sourceTree = "<group>";
		};
		CB9A2CB31A09336D004EF777 /* Products */ = {
			isa = PBXGroup;
			children = (
				CB9A2CB21A09336D004EF777 /* Nom Nom Numbers.app */,
				CB9A2CD01A093371004EF777 /* Nom Nom NumbersTests.xctest */,
			);
			name = Products;
			sourceTree = "<group>";
		};
		CB9A2CB41A09336D004EF777 /* Nom Nom Numbers */ = {
			isa = PBXGroup;
			children = (
				CB9A2CB91A09336F004EF777 /* AppDelegate.h */,
				CB9A2CBA1A09336F004EF777 /* AppDelegate.m */,
				CB9A2CC11A093370004EF777 /* GameViewController.h */,
				CB9A2CC21A093370004EF777 /* GameViewController.m */,
				CBEBD7761A0B1F2C0075D081 /* FireballSprite.h */,
				CBEBD7771A0B1F2C0075D081 /* FireballSprite.m */,
				CB9A2CEA1A0939E8004EF777 /* GameOverButton.h */,
				CB9A2CEB1A0939E8004EF777 /* GameOverButton.m */,
				CB9A2CF11A0939E8004EF777 /* QuitGameButton.h */,
				CB9A2CF21A0939E8004EF777 /* QuitGameButton.m */,
				CB9A2CBF1A093370004EF777 /* GameScene.sks */,
				CB9A2CC41A093370004EF777 /* Main.storyboard */,
				CB9A2CC71A093370004EF777 /* Images.xcassets */,
				CB68059E1A1D8B130023EA58 /* Sheep */,
				CB68059D1A1D8A5B0023EA58 /* Scenes */,
				CBDBDAE31A1D875B00A9BF78 /* Particles */,
				CB68059F1A1D8B730023EA58 /* Data and Models */,
				CB9A2CB51A09336E004EF777 /* Supporting Files */,
			);
			path = "Nom Nom Numbers";
			sourceTree = "<group>";
		};
		CB9A2CB51A09336E004EF777 /* Supporting Files */ = {
			isa = PBXGroup;
			children = (
				F62565CA1A25396E00DF8EC6 /* timedHighScores.txt */,
				FB86E0E01A1B03E300ABE87A /* Click.wav */,
				FB86E0E11A1B03E300ABE87A /* ScoreDown.wav */,
				FB86E0E21A1B03E300ABE87A /* ScoreUp.wav */,
				FB86E0E31A1B03E300ABE87A /* Sheep.wav */,
				FB86E0E41A1B03E300ABE87A /* Sheep2.wav */,
				FB86E0E51A1B03E300ABE87A /* StrongFire.wav */,
				FB86E0E61A1B03E300ABE87A /* WeakFire.wav */,
				CB9A2CB61A09336E004EF777 /* Info.plist */,
				CB9A2CB71A09336E004EF777 /* main.m */,
			);
			name = "Supporting Files";
			sourceTree = "<group>";
		};
		CB9A2CD31A093371004EF777 /* Nom Nom NumbersTests */ = {
			isa = PBXGroup;
			children = (
				CB9A2CD61A093371004EF777 /* Nom_Nom_NumbersTests.m */,
				CB9A2CE01A093997004EF777 /* SheepModelTest.m */,
				CB9A2CE21A0939A1004EF777 /* GeneratorTest.m */,
				CB9A2CE41A0939A8004EF777 /* DataModelTest.m */,
				CB9A2CD41A093371004EF777 /* Supporting Files */,
			);
			path = "Nom Nom NumbersTests";
			sourceTree = "<group>";
		};
		CB9A2CD41A093371004EF777 /* Supporting Files */ = {
			isa = PBXGroup;
			children = (
				CB9A2CD51A093371004EF777 /* Info.plist */,
			);
			name = "Supporting Files";
			sourceTree = "<group>";
		};
		CBDBDAE31A1D875B00A9BF78 /* Particles */ = {
			isa = PBXGroup;
			children = (
				CBFB88481A0EDDC900FE2331 /* FireballParticle.sks */,
				CBDAC94A1A1335C100A46D7E /* FireParticle.sks */,
				CBFB88491A0EDDC900FE2331 /* spark.png */,
			);
			name = Particles;
			sourceTree = "<group>";
		};
/* End PBXGroup section */

/* Begin PBXNativeTarget section */
		CB9A2CB11A09336D004EF777 /* Nom Nom Numbers */ = {
			isa = PBXNativeTarget;
			buildConfigurationList = CB9A2CDA1A093371004EF777 /* Build configuration list for PBXNativeTarget "Nom Nom Numbers" */;
			buildPhases = (
				CB9A2CAE1A09336D004EF777 /* Sources */,
				CB9A2CAF1A09336D004EF777 /* Frameworks */,
				CB9A2CB01A09336D004EF777 /* Resources */,
			);
			buildRules = (
			);
			dependencies = (
			);
			name = "Nom Nom Numbers";
			productName = "Nom Nom Numbers";
			productReference = CB9A2CB21A09336D004EF777 /* Nom Nom Numbers.app */;
			productType = "com.apple.product-type.application";
		};
		CB9A2CCF1A093371004EF777 /* Nom Nom NumbersTests */ = {
			isa = PBXNativeTarget;
			buildConfigurationList = CB9A2CDD1A093371004EF777 /* Build configuration list for PBXNativeTarget "Nom Nom NumbersTests" */;
			buildPhases = (
				CB9A2CCC1A093371004EF777 /* Sources */,
				CB9A2CCD1A093371004EF777 /* Frameworks */,
				CB9A2CCE1A093371004EF777 /* Resources */,
			);
			buildRules = (
			);
			dependencies = (
				CB9A2CD21A093371004EF777 /* PBXTargetDependency */,
			);
			name = "Nom Nom NumbersTests";
			productName = "Nom Nom NumbersTests";
			productReference = CB9A2CD01A093371004EF777 /* Nom Nom NumbersTests.xctest */;
			productType = "com.apple.product-type.bundle.unit-test";
		};
/* End PBXNativeTarget section */

/* Begin PBXProject section */
		CB9A2CAA1A09336D004EF777 /* Project object */ = {
			isa = PBXProject;
			attributes = {
				LastUpgradeCheck = 0610;
				ORGANIZATIONNAME = "CS 121 Team 6";
				TargetAttributes = {
					CB9A2CB11A09336D004EF777 = {
						CreatedOnToolsVersion = 6.1;
					};
					CB9A2CCF1A093371004EF777 = {
						CreatedOnToolsVersion = 6.1;
						TestTargetID = CB9A2CB11A09336D004EF777;
					};
				};
			};
			buildConfigurationList = CB9A2CAD1A09336D004EF777 /* Build configuration list for PBXProject "Nom Nom Numbers" */;
			compatibilityVersion = "Xcode 3.2";
			developmentRegion = English;
			hasScannedForEncodings = 0;
			knownRegions = (
				en,
				Base,
			);
			mainGroup = CB9A2CA91A09336D004EF777;
			productRefGroup = CB9A2CB31A09336D004EF777 /* Products */;
			projectDirPath = "";
			projectRoot = "";
			targets = (
				CB9A2CB11A09336D004EF777 /* Nom Nom Numbers */,
				CB9A2CCF1A093371004EF777 /* Nom Nom NumbersTests */,
			);
		};
/* End PBXProject section */

/* Begin PBXResourcesBuildPhase section */
		CB9A2CB01A09336D004EF777 /* Resources */ = {
			isa = PBXResourcesBuildPhase;
			buildActionMask = 2147483647;
			files = (
				FB86E0E91A1B03E300ABE87A /* ScoreUp.wav in Resources */,
				FB86E0EB1A1B03E300ABE87A /* Sheep2.wav in Resources */,
				F62565CB1A25396E00DF8EC6 /* timedHighScores.txt in Resources */,
				FB86E0EA1A1B03E300ABE87A /* Sheep.wav in Resources */,
				FB86E0E81A1B03E300ABE87A /* ScoreDown.wav in Resources */,
				CBDAC94B1A1335C100A46D7E /* FireParticle.sks in Resources */,
				CBFB884B1A0EDDCA00FE2331 /* spark.png in Resources */,
				CB9A2CC81A093370004EF777 /* Images.xcassets in Resources */,
				CBFB884A1A0EDDC900FE2331 /* FireballParticle.sks in Resources */,
				CB9A2CC01A093370004EF777 /* GameScene.sks in Resources */,
				CB9A2CC61A093370004EF777 /* Main.storyboard in Resources */,
				CB96D3C91A2EDF1A003598A5 /* dragon.atlas in Resources */,
				FB86E0E71A1B03E300ABE87A /* Click.wav in Resources */,
				FB86E0EC1A1B03E300ABE87A /* StrongFire.wav in Resources */,
				FB86E0ED1A1B03E300ABE87A /* WeakFire.wav in Resources */,
			);
			runOnlyForDeploymentPostprocessing = 0;
		};
		CB9A2CCE1A093371004EF777 /* Resources */ = {
			isa = PBXResourcesBuildPhase;
			buildActionMask = 2147483647;
			files = (
			);
			runOnlyForDeploymentPostprocessing = 0;
		};
/* End PBXResourcesBuildPhase section */

/* Begin PBXSourcesBuildPhase section */
		CB9A2CAE1A09336D004EF777 /* Sources */ = {
			isa = PBXSourcesBuildPhase;
			buildActionMask = 2147483647;
			files = (
				F646D0E61A22F1790008C2A2 /* HighScoreScene.m in Sources */,
				CB9A2CFC1A0939E8004EF777 /* DataView.m in Sources */,
				CB9A2D021A0939E8004EF777 /* SheepController.m in Sources */,
				CB9A2CC31A093370004EF777 /* GameViewController.m in Sources */,
				CB9A2CFB1A0939E8004EF777 /* DataModel.m in Sources */,
				CB9A2D051A0939E8004EF777 /* StartScene.m in Sources */,
				A3EBB44D1A1AF371001DB3F8 /* TargetTutorialScene.m in Sources */,
				CB9A2CFD1A0939E8004EF777 /* GameOverButton.m in Sources */,
				F646D0E31A22F0F40008C2A2 /* HighScoreModel.m in Sources */,
				CB9A2D011A0939E8004EF777 /* QuitGameButton.m in Sources */,
				CB9A2CBB1A09336F004EF777 /* AppDelegate.m in Sources */,
				CB9A2CFE1A0939E8004EF777 /* Generator.m in Sources */,
				CB9A2D031A0939E8004EF777 /* SheepModel.m in Sources */,
				CB9A2D041A0939E8004EF777 /* SheepSprite.m in Sources */,
				A3DC1B211A11E77000232403 /* TimedTutorialScene.m in Sources */,
				CB9A2D001A0939E8004EF777 /* MainScene.m in Sources */,
				CB9A2CB81A09336E004EF777 /* main.m in Sources */,
				CBEBD7781A0B1F2C0075D081 /* FireballSprite.m in Sources */,
			);
			runOnlyForDeploymentPostprocessing = 0;
		};
		CB9A2CCC1A093371004EF777 /* Sources */ = {
			isa = PBXSourcesBuildPhase;
			buildActionMask = 2147483647;
			files = (
				CB9A2CE31A0939A1004EF777 /* GeneratorTest.m in Sources */,
				CB9A2CE51A0939A8004EF777 /* DataModelTest.m in Sources */,
				CB9A2CD71A093371004EF777 /* Nom_Nom_NumbersTests.m in Sources */,
				CB9A2CE11A093997004EF777 /* SheepModelTest.m in Sources */,
			);
			runOnlyForDeploymentPostprocessing = 0;
		};
/* End PBXSourcesBuildPhase section */

/* Begin PBXTargetDependency section */
		CB9A2CD21A093371004EF777 /* PBXTargetDependency */ = {
			isa = PBXTargetDependency;
			target = CB9A2CB11A09336D004EF777 /* Nom Nom Numbers */;
			targetProxy = CB9A2CD11A093371004EF777 /* PBXContainerItemProxy */;
		};
/* End PBXTargetDependency section */

/* Begin PBXVariantGroup section */
		CB9A2CC41A093370004EF777 /* Main.storyboard */ = {
			isa = PBXVariantGroup;
			children = (
				CB9A2CC51A093370004EF777 /* Base */,
			);
			name = Main.storyboard;
			sourceTree = "<group>";
		};
/* End PBXVariantGroup section */

/* Begin XCBuildConfiguration section */
		CB9A2CD81A093371004EF777 /* Debug */ = {
			isa = XCBuildConfiguration;
			buildSettings = {
				ALWAYS_SEARCH_USER_PATHS = NO;
				CLANG_CXX_LANGUAGE_STANDARD = "gnu++0x";
				CLANG_CXX_LIBRARY = "libc++";
				CLANG_ENABLE_MODULES = YES;
				CLANG_ENABLE_OBJC_ARC = YES;
				CLANG_WARN_BOOL_CONVERSION = YES;
				CLANG_WARN_CONSTANT_CONVERSION = YES;
				CLANG_WARN_DIRECT_OBJC_ISA_USAGE = YES_ERROR;
				CLANG_WARN_EMPTY_BODY = YES;
				CLANG_WARN_ENUM_CONVERSION = YES;
				CLANG_WARN_INT_CONVERSION = YES;
				CLANG_WARN_OBJC_ROOT_CLASS = YES_ERROR;
				CLANG_WARN_UNREACHABLE_CODE = YES;
				CLANG_WARN__DUPLICATE_METHOD_MATCH = YES;
				"CODE_SIGN_IDENTITY[sdk=iphoneos*]" = "iPhone Developer";
				COPY_PHASE_STRIP = NO;
				ENABLE_STRICT_OBJC_MSGSEND = YES;
				GCC_C_LANGUAGE_STANDARD = gnu99;
				GCC_DYNAMIC_NO_PIC = NO;
				GCC_OPTIMIZATION_LEVEL = 0;
				GCC_PREPROCESSOR_DEFINITIONS = (
					"DEBUG=1",
					"$(inherited)",
				);
				GCC_SYMBOLS_PRIVATE_EXTERN = NO;
				GCC_WARN_64_TO_32_BIT_CONVERSION = YES;
				GCC_WARN_ABOUT_RETURN_TYPE = YES_ERROR;
				GCC_WARN_UNDECLARED_SELECTOR = YES;
				GCC_WARN_UNINITIALIZED_AUTOS = YES_AGGRESSIVE;
				GCC_WARN_UNUSED_FUNCTION = YES;
				GCC_WARN_UNUSED_VARIABLE = YES;
				IPHONEOS_DEPLOYMENT_TARGET = 8.1;
				MTL_ENABLE_DEBUG_INFO = YES;
				ONLY_ACTIVE_ARCH = YES;
				SDKROOT = iphoneos;
				TARGETED_DEVICE_FAMILY = 2;
			};
			name = Debug;
		};
		CB9A2CD91A093371004EF777 /* Release */ = {
			isa = XCBuildConfiguration;
			buildSettings = {
				ALWAYS_SEARCH_USER_PATHS = NO;
				CLANG_CXX_LANGUAGE_STANDARD = "gnu++0x";
				CLANG_CXX_LIBRARY = "libc++";
				CLANG_ENABLE_MODULES = YES;
				CLANG_ENABLE_OBJC_ARC = YES;
				CLANG_WARN_BOOL_CONVERSION = YES;
				CLANG_WARN_CONSTANT_CONVERSION = YES;
				CLANG_WARN_DIRECT_OBJC_ISA_USAGE = YES_ERROR;
				CLANG_WARN_EMPTY_BODY = YES;
				CLANG_WARN_ENUM_CONVERSION = YES;
				CLANG_WARN_INT_CONVERSION = YES;
				CLANG_WARN_OBJC_ROOT_CLASS = YES_ERROR;
				CLANG_WARN_UNREACHABLE_CODE = YES;
				CLANG_WARN__DUPLICATE_METHOD_MATCH = YES;
				"CODE_SIGN_IDENTITY[sdk=iphoneos*]" = "iPhone Developer";
				COPY_PHASE_STRIP = YES;
				ENABLE_NS_ASSERTIONS = NO;
				ENABLE_STRICT_OBJC_MSGSEND = YES;
				GCC_C_LANGUAGE_STANDARD = gnu99;
				GCC_WARN_64_TO_32_BIT_CONVERSION = YES;
				GCC_WARN_ABOUT_RETURN_TYPE = YES_ERROR;
				GCC_WARN_UNDECLARED_SELECTOR = YES;
				GCC_WARN_UNINITIALIZED_AUTOS = YES_AGGRESSIVE;
				GCC_WARN_UNUSED_FUNCTION = YES;
				GCC_WARN_UNUSED_VARIABLE = YES;
				IPHONEOS_DEPLOYMENT_TARGET = 8.1;
				MTL_ENABLE_DEBUG_INFO = NO;
				SDKROOT = iphoneos;
				TARGETED_DEVICE_FAMILY = 2;
				VALIDATE_PRODUCT = YES;
			};
			name = Release;
		};
		CB9A2CDB1A093371004EF777 /* Debug */ = {
			isa = XCBuildConfiguration;
			buildSettings = {
				ASSETCATALOG_COMPILER_APPICON_NAME = AppIcon;
				ASSETCATALOG_COMPILER_LAUNCHIMAGE_NAME = LaunchImage;
				INFOPLIST_FILE = "Nom Nom Numbers/Info.plist";
				IPHONEOS_DEPLOYMENT_TARGET = 8.0;
				LD_RUNPATH_SEARCH_PATHS = "$(inherited) @executable_path/Frameworks";
				PRODUCT_NAME = "$(TARGET_NAME)";
				TARGETED_DEVICE_FAMILY = 2;
			};
			name = Debug;
		};
		CB9A2CDC1A093371004EF777 /* Release */ = {
			isa = XCBuildConfiguration;
			buildSettings = {
				ASSETCATALOG_COMPILER_APPICON_NAME = AppIcon;
				ASSETCATALOG_COMPILER_LAUNCHIMAGE_NAME = LaunchImage;
				INFOPLIST_FILE = "Nom Nom Numbers/Info.plist";
				IPHONEOS_DEPLOYMENT_TARGET = 8.0;
				LD_RUNPATH_SEARCH_PATHS = "$(inherited) @executable_path/Frameworks";
				PRODUCT_NAME = "$(TARGET_NAME)";
				TARGETED_DEVICE_FAMILY = 2;
			};
			name = Release;
		};
		CB9A2CDE1A093371004EF777 /* Debug */ = {
			isa = XCBuildConfiguration;
			buildSettings = {
				BUNDLE_LOADER = "$(TEST_HOST)";
				FRAMEWORK_SEARCH_PATHS = (
					"$(SDKROOT)/Developer/Library/Frameworks",
					"$(inherited)",
				);
				GCC_PREPROCESSOR_DEFINITIONS = (
					"DEBUG=1",
					"$(inherited)",
				);
				INFOPLIST_FILE = "Nom Nom NumbersTests/Info.plist";
				LD_RUNPATH_SEARCH_PATHS = "$(inherited) @executable_path/Frameworks @loader_path/Frameworks";
				PRODUCT_NAME = "$(TARGET_NAME)";
				TEST_HOST = "$(BUILT_PRODUCTS_DIR)/Nom Nom Numbers.app/Nom Nom Numbers";
			};
			name = Debug;
		};
		CB9A2CDF1A093371004EF777 /* Release */ = {
			isa = XCBuildConfiguration;
			buildSettings = {
				BUNDLE_LOADER = "$(TEST_HOST)";
				FRAMEWORK_SEARCH_PATHS = (
					"$(SDKROOT)/Developer/Library/Frameworks",
					"$(inherited)",
				);
				INFOPLIST_FILE = "Nom Nom NumbersTests/Info.plist";
				LD_RUNPATH_SEARCH_PATHS = "$(inherited) @executable_path/Frameworks @loader_path/Frameworks";
				PRODUCT_NAME = "$(TARGET_NAME)";
				TEST_HOST = "$(BUILT_PRODUCTS_DIR)/Nom Nom Numbers.app/Nom Nom Numbers";
			};
			name = Release;
		};
/* End XCBuildConfiguration section */

/* Begin XCConfigurationList section */
		CB9A2CAD1A09336D004EF777 /* Build configuration list for PBXProject "Nom Nom Numbers" */ = {
			isa = XCConfigurationList;
			buildConfigurations = (
				CB9A2CD81A093371004EF777 /* Debug */,
				CB9A2CD91A093371004EF777 /* Release */,
			);
			defaultConfigurationIsVisible = 0;
			defaultConfigurationName = Release;
		};
		CB9A2CDA1A093371004EF777 /* Build configuration list for PBXNativeTarget "Nom Nom Numbers" */ = {
			isa = XCConfigurationList;
			buildConfigurations = (
				CB9A2CDB1A093371004EF777 /* Debug */,
				CB9A2CDC1A093371004EF777 /* Release */,
			);
			defaultConfigurationIsVisible = 0;
			defaultConfigurationName = Release;
		};
		CB9A2CDD1A093371004EF777 /* Build configuration list for PBXNativeTarget "Nom Nom NumbersTests" */ = {
			isa = XCConfigurationList;
			buildConfigurations = (
				CB9A2CDE1A093371004EF777 /* Debug */,
				CB9A2CDF1A093371004EF777 /* Release */,
			);
			defaultConfigurationIsVisible = 0;
			defaultConfigurationName = Release;
		};
/* End XCConfigurationList section */
	};
	rootObject = CB9A2CAA1A09336D004EF777 /* Project object */;
}
