// !$*UTF8*$!
{
	archiveVersion = 1;
	classes = {
	};
	objectVersion = 46;
	objects = {

/* Begin PBXBuildFile section */
		D8CA573B19EBB21A0050147B /* Foundation.framework in Frameworks */ = {isa = PBXBuildFile; fileRef = D8CA573A19EBB21A0050147B /* Foundation.framework */; };
		D8CA573D19EBB21A0050147B /* CoreGraphics.framework in Frameworks */ = {isa = PBXBuildFile; fileRef = D8CA573C19EBB21A0050147B /* CoreGraphics.framework */; };
		D8CA573F19EBB21A0050147B /* UIKit.framework in Frameworks */ = {isa = PBXBuildFile; fileRef = D8CA573E19EBB21A0050147B /* UIKit.framework */; };
		D8CA574519EBB21A0050147B /* InfoPlist.strings in Resources */ = {isa = PBXBuildFile; fileRef = D8CA574319EBB21A0050147B /* InfoPlist.strings */; };
		D8CA574719EBB21A0050147B /* main.m in Sources */ = {isa = PBXBuildFile; fileRef = D8CA574619EBB21A0050147B /* main.m */; };
		D8CA574B19EBB21A0050147B /* HKAppDelegate.m in Sources */ = {isa = PBXBuildFile; fileRef = D8CA574A19EBB21A0050147B /* HKAppDelegate.m */; };
		D8CA574E19EBB21A0050147B /* Main.storyboard in Resources */ = {isa = PBXBuildFile; fileRef = D8CA574C19EBB21A0050147B /* Main.storyboard */; };
		D8CA575119EBB21A0050147B /* HKViewController.m in Sources */ = {isa = PBXBuildFile; fileRef = D8CA575019EBB21A0050147B /* HKViewController.m */; };
		D8CA575319EBB21A0050147B /* Images.xcassets in Resources */ = {isa = PBXBuildFile; fileRef = D8CA575219EBB21A0050147B /* Images.xcassets */; };
		D8CA575A19EBB21A0050147B /* XCTest.framework in Frameworks */ = {isa = PBXBuildFile; fileRef = D8CA575919EBB21A0050147B /* XCTest.framework */; };
		D8CA575B19EBB21A0050147B /* Foundation.framework in Frameworks */ = {isa = PBXBuildFile; fileRef = D8CA573A19EBB21A0050147B /* Foundation.framework */; };
		D8CA575C19EBB21A0050147B /* UIKit.framework in Frameworks */ = {isa = PBXBuildFile; fileRef = D8CA573E19EBB21A0050147B /* UIKit.framework */; };
		D8CA576419EBB21A0050147B /* InfoPlist.strings in Resources */ = {isa = PBXBuildFile; fileRef = D8CA576219EBB21A0050147B /* InfoPlist.strings */; };
		D8CA576619EBB21A0050147B /* MovingSheepPrototypeTests.m in Sources */ = {isa = PBXBuildFile; fileRef = D8CA576519EBB21A0050147B /* MovingSheepPrototypeTests.m */; };
		D8CA577019EBB2490050147B /* sheep3.png in Resources */ = {isa = PBXBuildFile; fileRef = D8CA576F19EBB2490050147B /* sheep3.png */; };
/* End PBXBuildFile section */

/* Begin PBXContainerItemProxy section */
		D8CA575D19EBB21A0050147B /* PBXContainerItemProxy */ = {
			isa = PBXContainerItemProxy;
			containerPortal = D8CA572F19EBB2190050147B /* Project object */;
			proxyType = 1;
			remoteGlobalIDString = D8CA573619EBB21A0050147B;
			remoteInfo = MovingSheepPrototype;
		};
/* End PBXContainerItemProxy section */

/* Begin PBXFileReference section */
		D8CA573719EBB21A0050147B /* MovingSheepPrototype.app */ = {isa = PBXFileReference; explicitFileType = wrapper.application; includeInIndex = 0; path = MovingSheepPrototype.app; sourceTree = BUILT_PRODUCTS_DIR; };
		D8CA573A19EBB21A0050147B /* Foundation.framework */ = {isa = PBXFileReference; lastKnownFileType = wrapper.framework; name = Foundation.framework; path = System/Library/Frameworks/Foundation.framework; sourceTree = SDKROOT; };
		D8CA573C19EBB21A0050147B /* CoreGraphics.framework */ = {isa = PBXFileReference; lastKnownFileType = wrapper.framework; name = CoreGraphics.framework; path = System/Library/Frameworks/CoreGraphics.framework; sourceTree = SDKROOT; };
		D8CA573E19EBB21A0050147B /* UIKit.framework */ = {isa = PBXFileReference; lastKnownFileType = wrapper.framework; name = UIKit.framework; path = System/Library/Frameworks/UIKit.framework; sourceTree = SDKROOT; };
		D8CA574219EBB21A0050147B /* MovingSheepPrototype-Info.plist */ = {isa = PBXFileReference; lastKnownFileType = text.plist.xml; path = "MovingSheepPrototype-Info.plist"; sourceTree = "<group>"; };
		D8CA574419EBB21A0050147B /* en */ = {isa = PBXFileReference; lastKnownFileType = text.plist.strings; name = en; path = en.lproj/InfoPlist.strings; sourceTree = "<group>"; };
		D8CA574619EBB21A0050147B /* main.m */ = {isa = PBXFileReference; lastKnownFileType = sourcecode.c.objc; path = main.m; sourceTree = "<group>"; };
		D8CA574819EBB21A0050147B /* MovingSheepPrototype-Prefix.pch */ = {isa = PBXFileReference; lastKnownFileType = sourcecode.c.h; path = "MovingSheepPrototype-Prefix.pch"; sourceTree = "<group>"; };
		D8CA574919EBB21A0050147B /* HKAppDelegate.h */ = {isa = PBXFileReference; lastKnownFileType = sourcecode.c.h; path = HKAppDelegate.h; sourceTree = "<group>"; };
		D8CA574A19EBB21A0050147B /* HKAppDelegate.m */ = {isa = PBXFileReference; lastKnownFileType = sourcecode.c.objc; path = HKAppDelegate.m; sourceTree = "<group>"; };
		D8CA574D19EBB21A0050147B /* Base */ = {isa = PBXFileReference; lastKnownFileType = file.storyboard; name = Base; path = Base.lproj/Main.storyboard; sourceTree = "<group>"; };
		D8CA574F19EBB21A0050147B /* HKViewController.h */ = {isa = PBXFileReference; lastKnownFileType = sourcecode.c.h; path = HKViewController.h; sourceTree = "<group>"; };
		D8CA575019EBB21A0050147B /* HKViewController.m */ = {isa = PBXFileReference; lastKnownFileType = sourcecode.c.objc; path = HKViewController.m; sourceTree = "<group>"; };
		D8CA575219EBB21A0050147B /* Images.xcassets */ = {isa = PBXFileReference; lastKnownFileType = folder.assetcatalog; path = Images.xcassets; sourceTree = "<group>"; };
		D8CA575819EBB21A0050147B /* MovingSheepPrototypeTests.xctest */ = {isa = PBXFileReference; explicitFileType = wrapper.cfbundle; includeInIndex = 0; path = MovingSheepPrototypeTests.xctest; sourceTree = BUILT_PRODUCTS_DIR; };
		D8CA575919EBB21A0050147B /* XCTest.framework */ = {isa = PBXFileReference; lastKnownFileType = wrapper.framework; name = XCTest.framework; path = Library/Frameworks/XCTest.framework; sourceTree = DEVELOPER_DIR; };
		D8CA576119EBB21A0050147B /* MovingSheepPrototypeTests-Info.plist */ = {isa = PBXFileReference; lastKnownFileType = text.plist.xml; path = "MovingSheepPrototypeTests-Info.plist"; sourceTree = "<group>"; };
		D8CA576319EBB21A0050147B /* en */ = {isa = PBXFileReference; lastKnownFileType = text.plist.strings; name = en; path = en.lproj/InfoPlist.strings; sourceTree = "<group>"; };
		D8CA576519EBB21A0050147B /* MovingSheepPrototypeTests.m */ = {isa = PBXFileReference; lastKnownFileType = sourcecode.c.objc; path = MovingSheepPrototypeTests.m; sourceTree = "<group>"; };
		D8CA576F19EBB2490050147B /* sheep3.png */ = {isa = PBXFileReference; lastKnownFileType = image.png; name = sheep3.png; path = ../sheep3.png; sourceTree = "<group>"; };
/* End PBXFileReference section */

/* Begin PBXFrameworksBuildPhase section */
		D8CA573419EBB21A0050147B /* Frameworks */ = {
			isa = PBXFrameworksBuildPhase;
			buildActionMask = 2147483647;
			files = (
				D8CA573D19EBB21A0050147B /* CoreGraphics.framework in Frameworks */,
				D8CA573F19EBB21A0050147B /* UIKit.framework in Frameworks */,
				D8CA573B19EBB21A0050147B /* Foundation.framework in Frameworks */,
			);
			runOnlyForDeploymentPostprocessing = 0;
		};
		D8CA575519EBB21A0050147B /* Frameworks */ = {
			isa = PBXFrameworksBuildPhase;
			buildActionMask = 2147483647;
			files = (
				D8CA575A19EBB21A0050147B /* XCTest.framework in Frameworks */,
				D8CA575C19EBB21A0050147B /* UIKit.framework in Frameworks */,
				D8CA575B19EBB21A0050147B /* Foundation.framework in Frameworks */,
			);
			runOnlyForDeploymentPostprocessing = 0;
		};
/* End PBXFrameworksBuildPhase section */

/* Begin PBXGroup section */
		D8CA572E19EBB2180050147B = {
			isa = PBXGroup;
			children = (
				D8CA574019EBB21A0050147B /* MovingSheepPrototype */,
				D8CA575F19EBB21A0050147B /* MovingSheepPrototypeTests */,
				D8CA573919EBB21A0050147B /* Frameworks */,
				D8CA573819EBB21A0050147B /* Products */,
			);
			sourceTree = "<group>";
		};
		D8CA573819EBB21A0050147B /* Products */ = {
			isa = PBXGroup;
			children = (
				D8CA573719EBB21A0050147B /* MovingSheepPrototype.app */,
				D8CA575819EBB21A0050147B /* MovingSheepPrototypeTests.xctest */,
			);
			name = Products;
			sourceTree = "<group>";
		};
		D8CA573919EBB21A0050147B /* Frameworks */ = {
			isa = PBXGroup;
			children = (
				D8CA573A19EBB21A0050147B /* Foundation.framework */,
				D8CA573C19EBB21A0050147B /* CoreGraphics.framework */,
				D8CA573E19EBB21A0050147B /* UIKit.framework */,
				D8CA575919EBB21A0050147B /* XCTest.framework */,
			);
			name = Frameworks;
			sourceTree = "<group>";
		};
		D8CA574019EBB21A0050147B /* MovingSheepPrototype */ = {
			isa = PBXGroup;
			children = (
				D8CA574919EBB21A0050147B /* HKAppDelegate.h */,
				D8CA574A19EBB21A0050147B /* HKAppDelegate.m */,
				D8CA574C19EBB21A0050147B /* Main.storyboard */,
				D8CA574F19EBB21A0050147B /* HKViewController.h */,
				D8CA575019EBB21A0050147B /* HKViewController.m */,
				D8CA576F19EBB2490050147B /* sheep3.png */,
				D8CA575219EBB21A0050147B /* Images.xcassets */,
				D8CA574119EBB21A0050147B /* Supporting Files */,
			);
			path = MovingSheepPrototype;
			sourceTree = "<group>";
		};
		D8CA574119EBB21A0050147B /* Supporting Files */ = {
			isa = PBXGroup;
			children = (
				D8CA574219EBB21A0050147B /* MovingSheepPrototype-Info.plist */,
				D8CA574319EBB21A0050147B /* InfoPlist.strings */,
				D8CA574619EBB21A0050147B /* main.m */,
				D8CA574819EBB21A0050147B /* MovingSheepPrototype-Prefix.pch */,
			);
			name = "Supporting Files";
			sourceTree = "<group>";
		};
		D8CA575F19EBB21A0050147B /* MovingSheepPrototypeTests */ = {
			isa = PBXGroup;
			children = (
				D8CA576519EBB21A0050147B /* MovingSheepPrototypeTests.m */,
				D8CA576019EBB21A0050147B /* Supporting Files */,
			);
			path = MovingSheepPrototypeTests;
			sourceTree = "<group>";
		};
		D8CA576019EBB21A0050147B /* Supporting Files */ = {
			isa = PBXGroup;
			children = (
				D8CA576119EBB21A0050147B /* MovingSheepPrototypeTests-Info.plist */,
				D8CA576219EBB21A0050147B /* InfoPlist.strings */,
			);
			name = "Supporting Files";
			sourceTree = "<group>";
		};
/* End PBXGroup section */

/* Begin PBXNativeTarget section */
		D8CA573619EBB21A0050147B /* MovingSheepPrototype */ = {
			isa = PBXNativeTarget;
			buildConfigurationList = D8CA576919EBB21A0050147B /* Build configuration list for PBXNativeTarget "MovingSheepPrototype" */;
			buildPhases = (
				D8CA573319EBB21A0050147B /* Sources */,
				D8CA573419EBB21A0050147B /* Frameworks */,
				D8CA573519EBB21A0050147B /* Resources */,
			);
			buildRules = (
			);
			dependencies = (
			);
			name = MovingSheepPrototype;
			productName = MovingSheepPrototype;
			productReference = D8CA573719EBB21A0050147B /* MovingSheepPrototype.app */;
			productType = "com.apple.product-type.application";
		};
		D8CA575719EBB21A0050147B /* MovingSheepPrototypeTests */ = {
			isa = PBXNativeTarget;
			buildConfigurationList = D8CA576C19EBB21A0050147B /* Build configuration list for PBXNativeTarget "MovingSheepPrototypeTests" */;
			buildPhases = (
				D8CA575419EBB21A0050147B /* Sources */,
				D8CA575519EBB21A0050147B /* Frameworks */,
				D8CA575619EBB21A0050147B /* Resources */,
			);
			buildRules = (
			);
			dependencies = (
				D8CA575E19EBB21A0050147B /* PBXTargetDependency */,
			);
			name = MovingSheepPrototypeTests;
			productName = MovingSheepPrototypeTests;
			productReference = D8CA575819EBB21A0050147B /* MovingSheepPrototypeTests.xctest */;
			productType = "com.apple.product-type.bundle.unit-test";
		};
/* End PBXNativeTarget section */

/* Begin PBXProject section */
		D8CA572F19EBB2190050147B /* Project object */ = {
			isa = PBXProject;
			attributes = {
				CLASSPREFIX = HK;
				LastUpgradeCheck = 0510;
				ORGANIZATIONNAME = "Hana Kim";
				TargetAttributes = {
					D8CA575719EBB21A0050147B = {
						TestTargetID = D8CA573619EBB21A0050147B;
					};
				};
			};
			buildConfigurationList = D8CA573219EBB2190050147B /* Build configuration list for PBXProject "MovingSheepPrototype" */;
			compatibilityVersion = "Xcode 3.2";
			developmentRegion = English;
			hasScannedForEncodings = 0;
			knownRegions = (
				en,
				Base,
			);
			mainGroup = D8CA572E19EBB2180050147B;
			productRefGroup = D8CA573819EBB21A0050147B /* Products */;
			projectDirPath = "";
			projectRoot = "";
			targets = (
				D8CA573619EBB21A0050147B /* MovingSheepPrototype */,
				D8CA575719EBB21A0050147B /* MovingSheepPrototypeTests */,
			);
		};
/* End PBXProject section */

/* Begin PBXResourcesBuildPhase section */
		D8CA573519EBB21A0050147B /* Resources */ = {
			isa = PBXResourcesBuildPhase;
			buildActionMask = 2147483647;
			files = (
				D8CA575319EBB21A0050147B /* Images.xcassets in Resources */,
				D8CA577019EBB2490050147B /* sheep3.png in Resources */,
				D8CA574519EBB21A0050147B /* InfoPlist.strings in Resources */,
				D8CA574E19EBB21A0050147B /* Main.storyboard in Resources */,
			);
			runOnlyForDeploymentPostprocessing = 0;
		};
		D8CA575619EBB21A0050147B /* Resources */ = {
			isa = PBXResourcesBuildPhase;
			buildActionMask = 2147483647;
			files = (
				D8CA576419EBB21A0050147B /* InfoPlist.strings in Resources */,
			);
			runOnlyForDeploymentPostprocessing = 0;
		};
/* End PBXResourcesBuildPhase section */

/* Begin PBXSourcesBuildPhase section */
		D8CA573319EBB21A0050147B /* Sources */ = {
			isa = PBXSourcesBuildPhase;
			buildActionMask = 2147483647;
			files = (
				D8CA575119EBB21A0050147B /* HKViewController.m in Sources */,
				D8CA574719EBB21A0050147B /* main.m in Sources */,
				D8CA574B19EBB21A0050147B /* HKAppDelegate.m in Sources */,
			);
			runOnlyForDeploymentPostprocessing = 0;
		};
		D8CA575419EBB21A0050147B /* Sources */ = {
			isa = PBXSourcesBuildPhase;
			buildActionMask = 2147483647;
			files = (
				D8CA576619EBB21A0050147B /* MovingSheepPrototypeTests.m in Sources */,
			);
			runOnlyForDeploymentPostprocessing = 0;
		};
/* End PBXSourcesBuildPhase section */

/* Begin PBXTargetDependency section */
		D8CA575E19EBB21A0050147B /* PBXTargetDependency */ = {
			isa = PBXTargetDependency;
			target = D8CA573619EBB21A0050147B /* MovingSheepPrototype */;
			targetProxy = D8CA575D19EBB21A0050147B /* PBXContainerItemProxy */;
		};
/* End PBXTargetDependency section */

/* Begin PBXVariantGroup section */
		D8CA574319EBB21A0050147B /* InfoPlist.strings */ = {
			isa = PBXVariantGroup;
			children = (
				D8CA574419EBB21A0050147B /* en */,
			);
			name = InfoPlist.strings;
			sourceTree = "<group>";
		};
		D8CA574C19EBB21A0050147B /* Main.storyboard */ = {
			isa = PBXVariantGroup;
			children = (
				D8CA574D19EBB21A0050147B /* Base */,
			);
			name = Main.storyboard;
			sourceTree = "<group>";
		};
		D8CA576219EBB21A0050147B /* InfoPlist.strings */ = {
			isa = PBXVariantGroup;
			children = (
				D8CA576319EBB21A0050147B /* en */,
			);
			name = InfoPlist.strings;
			sourceTree = "<group>";
		};
/* End PBXVariantGroup section */

/* Begin XCBuildConfiguration section */
		D8CA576719EBB21A0050147B /* Debug */ = {
			isa = XCBuildConfiguration;
			buildSettings = {
				ALWAYS_SEARCH_USER_PATHS = NO;
				CLANG_CXX_LANGUAGE_STANDARD = "gnu++0x";
				CLANG_CXX_LIBRARY = "libc++";
				CLANG_ENABLE_MODULES = YES;
				CLANG_ENABLE_OBJC_ARC = YES;
				CLANG_WARN_BOOL_CONVERSION = YES;
				CLANG_WARN_CONSTANT_CONVERSION = YES;
				CLANG_WARN_DIRECT_OBJC_ISA_USAGE = YES_ERROR;
				CLANG_WARN_EMPTY_BODY = YES;
				CLANG_WARN_ENUM_CONVERSION = YES;
				CLANG_WARN_INT_CONVERSION = YES;
				CLANG_WARN_OBJC_ROOT_CLASS = YES_ERROR;
				CLANG_WARN__DUPLICATE_METHOD_MATCH = YES;
				"CODE_SIGN_IDENTITY[sdk=iphoneos*]" = "iPhone Developer";
				COPY_PHASE_STRIP = NO;
				GCC_C_LANGUAGE_STANDARD = gnu99;
				GCC_DYNAMIC_NO_PIC = NO;
				GCC_OPTIMIZATION_LEVEL = 0;
				GCC_PREPROCESSOR_DEFINITIONS = (
					"DEBUG=1",
					"$(inherited)",
				);
				GCC_SYMBOLS_PRIVATE_EXTERN = NO;
				GCC_WARN_64_TO_32_BIT_CONVERSION = YES;
				GCC_WARN_ABOUT_RETURN_TYPE = YES_ERROR;
				GCC_WARN_UNDECLARED_SELECTOR = YES;
				GCC_WARN_UNINITIALIZED_AUTOS = YES_AGGRESSIVE;
				GCC_WARN_UNUSED_FUNCTION = YES;
				GCC_WARN_UNUSED_VARIABLE = YES;
				IPHONEOS_DEPLOYMENT_TARGET = 7.1;
				ONLY_ACTIVE_ARCH = YES;
				SDKROOT = iphoneos;
				TARGETED_DEVICE_FAMILY = 2;
			};
			name = Debug;
		};
		D8CA576819EBB21A0050147B /* Release */ = {
			isa = XCBuildConfiguration;
			buildSettings = {
				ALWAYS_SEARCH_USER_PATHS = NO;
				CLANG_CXX_LANGUAGE_STANDARD = "gnu++0x";
				CLANG_CXX_LIBRARY = "libc++";
				CLANG_ENABLE_MODULES = YES;
				CLANG_ENABLE_OBJC_ARC = YES;
				CLANG_WARN_BOOL_CONVERSION = YES;
				CLANG_WARN_CONSTANT_CONVERSION = YES;
				CLANG_WARN_DIRECT_OBJC_ISA_USAGE = YES_ERROR;
				CLANG_WARN_EMPTY_BODY = YES;
				CLANG_WARN_ENUM_CONVERSION = YES;
				CLANG_WARN_INT_CONVERSION = YES;
				CLANG_WARN_OBJC_ROOT_CLASS = YES_ERROR;
				CLANG_WARN__DUPLICATE_METHOD_MATCH = YES;
				"CODE_SIGN_IDENTITY[sdk=iphoneos*]" = "iPhone Developer";
				COPY_PHASE_STRIP = YES;
				ENABLE_NS_ASSERTIONS = NO;
				GCC_C_LANGUAGE_STANDARD = gnu99;
				GCC_WARN_64_TO_32_BIT_CONVERSION = YES;
				GCC_WARN_ABOUT_RETURN_TYPE = YES_ERROR;
				GCC_WARN_UNDECLARED_SELECTOR = YES;
				GCC_WARN_UNINITIALIZED_AUTOS = YES_AGGRESSIVE;
				GCC_WARN_UNUSED_FUNCTION = YES;
				GCC_WARN_UNUSED_VARIABLE = YES;
				IPHONEOS_DEPLOYMENT_TARGET = 7.1;
				SDKROOT = iphoneos;
				TARGETED_DEVICE_FAMILY = 2;
				VALIDATE_PRODUCT = YES;
			};
			name = Release;
		};
		D8CA576A19EBB21A0050147B /* Debug */ = {
			isa = XCBuildConfiguration;
			buildSettings = {
				ASSETCATALOG_COMPILER_APPICON_NAME = AppIcon;
				ASSETCATALOG_COMPILER_LAUNCHIMAGE_NAME = LaunchImage;
				GCC_PRECOMPILE_PREFIX_HEADER = YES;
				GCC_PREFIX_HEADER = "MovingSheepPrototype/MovingSheepPrototype-Prefix.pch";
				INFOPLIST_FILE = "MovingSheepPrototype/MovingSheepPrototype-Info.plist";
				PRODUCT_NAME = "$(TARGET_NAME)";
				WRAPPER_EXTENSION = app;
			};
			name = Debug;
		};
		D8CA576B19EBB21A0050147B /* Release */ = {
			isa = XCBuildConfiguration;
			buildSettings = {
				ASSETCATALOG_COMPILER_APPICON_NAME = AppIcon;
				ASSETCATALOG_COMPILER_LAUNCHIMAGE_NAME = LaunchImage;
				GCC_PRECOMPILE_PREFIX_HEADER = YES;
				GCC_PREFIX_HEADER = "MovingSheepPrototype/MovingSheepPrototype-Prefix.pch";
				INFOPLIST_FILE = "MovingSheepPrototype/MovingSheepPrototype-Info.plist";
				PRODUCT_NAME = "$(TARGET_NAME)";
				WRAPPER_EXTENSION = app;
			};
			name = Release;
		};
		D8CA576D19EBB21A0050147B /* Debug */ = {
			isa = XCBuildConfiguration;
			buildSettings = {
				BUNDLE_LOADER = "$(BUILT_PRODUCTS_DIR)/MovingSheepPrototype.app/MovingSheepPrototype";
				FRAMEWORK_SEARCH_PATHS = (
					"$(SDKROOT)/Developer/Library/Frameworks",
					"$(inherited)",
					"$(DEVELOPER_FRAMEWORKS_DIR)",
				);
				GCC_PRECOMPILE_PREFIX_HEADER = YES;
				GCC_PREFIX_HEADER = "MovingSheepPrototype/MovingSheepPrototype-Prefix.pch";
				GCC_PREPROCESSOR_DEFINITIONS = (
					"DEBUG=1",
					"$(inherited)",
				);
				INFOPLIST_FILE = "MovingSheepPrototypeTests/MovingSheepPrototypeTests-Info.plist";
				PRODUCT_NAME = "$(TARGET_NAME)";
				TEST_HOST = "$(BUNDLE_LOADER)";
				WRAPPER_EXTENSION = xctest;
			};
			name = Debug;
		};
		D8CA576E19EBB21A0050147B /* Release */ = {
			isa = XCBuildConfiguration;
			buildSettings = {
				BUNDLE_LOADER = "$(BUILT_PRODUCTS_DIR)/MovingSheepPrototype.app/MovingSheepPrototype";
				FRAMEWORK_SEARCH_PATHS = (
					"$(SDKROOT)/Developer/Library/Frameworks",
					"$(inherited)",
					"$(DEVELOPER_FRAMEWORKS_DIR)",
				);
				GCC_PRECOMPILE_PREFIX_HEADER = YES;
				GCC_PREFIX_HEADER = "MovingSheepPrototype/MovingSheepPrototype-Prefix.pch";
				INFOPLIST_FILE = "MovingSheepPrototypeTests/MovingSheepPrototypeTests-Info.plist";
				PRODUCT_NAME = "$(TARGET_NAME)";
				TEST_HOST = "$(BUNDLE_LOADER)";
				WRAPPER_EXTENSION = xctest;
			};
			name = Release;
		};
/* End XCBuildConfiguration section */

/* Begin XCConfigurationList section */
		D8CA573219EBB2190050147B /* Build configuration list for PBXProject "MovingSheepPrototype" */ = {
			isa = XCConfigurationList;
			buildConfigurations = (
				D8CA576719EBB21A0050147B /* Debug */,
				D8CA576819EBB21A0050147B /* Release */,
			);
			defaultConfigurationIsVisible = 0;
			defaultConfigurationName = Release;
		};
		D8CA576919EBB21A0050147B /* Build configuration list for PBXNativeTarget "MovingSheepPrototype" */ = {
			isa = XCConfigurationList;
			buildConfigurations = (
				D8CA576A19EBB21A0050147B /* Debug */,
				D8CA576B19EBB21A0050147B /* Release */,
			);
			defaultConfigurationIsVisible = 0;
		};
		D8CA576C19EBB21A0050147B /* Build configuration list for PBXNativeTarget "MovingSheepPrototypeTests" */ = {
			isa = XCConfigurationList;
			buildConfigurations = (
				D8CA576D19EBB21A0050147B /* Debug */,
				D8CA576E19EBB21A0050147B /* Release */,
			);
			defaultConfigurationIsVisible = 0;
		};
/* End XCConfigurationList section */
	};
	rootObject = D8CA572F19EBB2190050147B /* Project object */;
}
